
Microsoft Visual Studio Solution File, Format Version 12.00
# Visual Studio 2012
Project("{8BC9CEB8-8B4A-11D0-8D11-00A0C91BC942}") = "Operator Overloading", "Operator Overloading\Operator Overloading.vcxproj", "{1D8E8A66-EFB8-4014-9A63-FEC2A6857164}"
EndProject
Global
	GlobalSection(SolutionConfigurationPlatforms) = preSolution
		Debug|Win32 = Debug|Win32
		Release|Win32 = Release|Win32
	EndGlobalSection
	GlobalSection(ProjectConfigurationPlatforms) = postSolution
		{1D8E8A66-EFB8-4014-9A63-FEC2A6857164}.Debug|Win32.ActiveCfg = Debug|Win32
		{1D8E8A66-EFB8-4014-9A63-FEC2A6857164}.Debug|Win32.Build.0 = Debug|Win32
		{1D8E8A66-EFB8-4014-9A63-FEC2A6857164}.Release|Win32.ActiveCfg = Release|Win32
		{1D8E8A66-EFB8-4014-9A63-FEC2A6857164}.Release|Win32.Build.0 = Release|Win32
	EndGlobalSection
	GlobalSection(SolutionProperties) = preSolution
		HideSolutionNode = FALSE
	EndGlobalSection
EndGlobal
